
Microsoft Visual Studio Solution File, Format Version 12.00
# Visual Studio Version 17
VisualStudioVersion = 17.5.002.0
MinimumVisualStudioVersion = 10.0.40219.1
Project("{2150E333-8FDC-42A3-9474-1A3956D46DE8}") = "csharp-prep", "csharp-prep", "{922DF37B-3540-4442-A61F-AD13EFC9477D}"
EndProject
Project("{9A19103F-16F7-4668-BE54-9A1E7A4F7556}") = "Prep1", "csharp-prep\Prep1\Prep1.csproj", "{FB9E0301-5670-49B2-998B-C00D1242EB8E}"
EndProject
Project("{9A19103F-16F7-4668-BE54-9A1E7A4F7556}") = "Prep2", "csharp-prep\Prep2\Prep2.csproj", "{2D9A8207-F2A7-4E36-BBE3-D417931E0608}"
EndProject
Project("{9A19103F-16F7-4668-BE54-9A1E7A4F7556}") = "Prep3", "csharp-prep\Prep3\Prep3.csproj", "{C4C6AD43-BDD2-4CB9-9B4E-7CD8707A6BE8}"
EndProject
Project("{9A19103F-16F7-4668-BE54-9A1E7A4F7556}") = "Prep4", "csharp-prep\Prep4\Prep4.csproj", "{64F06A7D-C631-4E75-A612-A7BE059AAA71}"
EndProject
Project("{9A19103F-16F7-4668-BE54-9A1E7A4F7556}") = "Prep5", "csharp-prep\Prep5\Prep5.csproj", "{9BA5FC2F-DA3A-46C0-83B8-7F9AAEC232C1}"
EndProject
Project("{2150E333-8FDC-42A3-9474-1A3956D46DE8}") = "final", "final", "{4C2F5238-6B67-45B0-BE13-BD31933CF256}"
EndProject
Project("{9A19103F-16F7-4668-BE54-9A1E7A4F7556}") = "FinalProject", "final\FinalProject\FinalProject.csproj", "{812681A9-6BDE-485A-8494-BFF83039D780}"
EndProject
Project("{9A19103F-16F7-4668-BE54-9A1E7A4F7556}") = "Foundation1", "final\Foundation1\Foundation1.csproj", "{2CDE1306-7994-4C3A-8DE0-2A88E20E4B3A}"
EndProject
Project("{9A19103F-16F7-4668-BE54-9A1E7A4F7556}") = "Foundation2", "final\Foundation2\Foundation2.csproj", "{663537A6-F101-4F5B-A2EF-3482C2F102D9}"
EndProject
Project("{9A19103F-16F7-4668-BE54-9A1E7A4F7556}") = "Foundation3", "final\Foundation3\Foundation3.csproj", "{8BA623CB-B50A-431E-9004-B391E45BB51B}"
EndProject
Project("{9A19103F-16F7-4668-BE54-9A1E7A4F7556}") = "Foundation4", "final\Foundation4\Foundation4.csproj", "{B0E2DC32-A23D-435E-A96E-36CC448F129E}"
EndProject
Project("{2150E333-8FDC-42A3-9474-1A3956D46DE8}") = "prepare", "prepare", "{3456B87B-EF9E-4D54-90FA-05F0C5CD8FC9}"
EndProject
Project("{9A19103F-16F7-4668-BE54-9A1E7A4F7556}") = "Learning02", "prepare\Learning02\Learning02.csproj", "{99065BB9-F34C-4741-BB16-375D5B097E7F}"
EndProject
Project("{9A19103F-16F7-4668-BE54-9A1E7A4F7556}") = "Learning03", "prepare\Learning03\Learning03.csproj", "{1BCAB308-B2D5-49AC-84A2-BBCC2E045F78}"
EndProject
Project("{9A19103F-16F7-4668-BE54-9A1E7A4F7556}") = "Learning04", "prepare\Learning04\Learning04.csproj", "{3551D570-3029-4FE0-B865-96812D46E056}"
EndProject
Project("{9A19103F-16F7-4668-BE54-9A1E7A4F7556}") = "Learning05", "prepare\Learning05\Learning05.csproj", "{2303A701-006B-451A-9B0D-92054CB02038}"
EndProject
Project("{2150E333-8FDC-42A3-9474-1A3956D46DE8}") = "prove", "prove", "{757D4BAD-DFB2-49D8-BE6C-10E606C8A9C0}"
EndProject
Project("{9A19103F-16F7-4668-BE54-9A1E7A4F7556}") = "Develop02", "prove\Develop02\Develop02.csproj", "{A5745099-D962-4EA6-9C1B-3D5957BFBB72}"
EndProject
Project("{9A19103F-16F7-4668-BE54-9A1E7A4F7556}") = "Develop03", "prove\Develop03\Develop03.csproj", "{EBCAA39F-7E42-4B9F-81F9-36A22A747056}"
EndProject
Project("{9A19103F-16F7-4668-BE54-9A1E7A4F7556}") = "Develop04", "prove\Develop04\Develop04.csproj", "{5A27A97C-D261-4AE4-9BFE-40F13B3BE66F}"
EndProject
Project("{9A19103F-16F7-4668-BE54-9A1E7A4F7556}") = "Develop05", "prove\Develop05\Develop05.csproj", "{E66C46E3-8102-4C85-B819-3B36397D057C}"
EndProject
Project("{2150E333-8FDC-42A3-9474-1A3956D46DE8}") = "sandbox", "sandbox", "{1DD971F6-9120-4686-B96D-B2C9CC7CC7A1}"
EndProject
Project("{9A19103F-16F7-4668-BE54-9A1E7A4F7556}") = "Sandbox", "sandbox\Sandbox\Sandbox.csproj", "{3DD986A5-3884-4714-ABAF-147396D502C1}"
EndProject
Global
	GlobalSection(SolutionConfigurationPlatforms) = preSolution
		Debug|Any CPU = Debug|Any CPU
		Release|Any CPU = Release|Any CPU
	EndGlobalSection
	GlobalSection(ProjectConfigurationPlatforms) = postSolution
		{FB9E0301-5670-49B2-998B-C00D1242EB8E}.Debug|Any CPU.ActiveCfg = Debug|Any CPU
		{FB9E0301-5670-49B2-998B-C00D1242EB8E}.Debug|Any CPU.Build.0 = Debug|Any CPU
		{FB9E0301-5670-49B2-998B-C00D1242EB8E}.Release|Any CPU.ActiveCfg = Release|Any CPU
		{FB9E0301-5670-49B2-998B-C00D1242EB8E}.Release|Any CPU.Build.0 = Release|Any CPU
		{2D9A8207-F2A7-4E36-BBE3-D417931E0608}.Debug|Any CPU.ActiveCfg = Debug|Any CPU
		{2D9A8207-F2A7-4E36-BBE3-D417931E0608}.Debug|Any CPU.Build.0 = Debug|Any CPU
		{2D9A8207-F2A7-4E36-BBE3-D417931E0608}.Release|Any CPU.ActiveCfg = Release|Any CPU
		{2D9A8207-F2A7-4E36-BBE3-D417931E0608}.Release|Any CPU.Build.0 = Release|Any CPU
		{C4C6AD43-BDD2-4CB9-9B4E-7CD8707A6BE8}.Debug|Any CPU.ActiveCfg = Debug|Any CPU
		{C4C6AD43-BDD2-4CB9-9B4E-7CD8707A6BE8}.Debug|Any CPU.Build.0 = Debug|Any CPU
		{C4C6AD43-BDD2-4CB9-9B4E-7CD8707A6BE8}.Release|Any CPU.ActiveCfg = Release|Any CPU
		{C4C6AD43-BDD2-4CB9-9B4E-7CD8707A6BE8}.Release|Any CPU.Build.0 = Release|Any CPU
		{64F06A7D-C631-4E75-A612-A7BE059AAA71}.Debug|Any CPU.ActiveCfg = Debug|Any CPU
		{64F06A7D-C631-4E75-A612-A7BE059AAA71}.Debug|Any CPU.Build.0 = Debug|Any CPU
		{64F06A7D-C631-4E75-A612-A7BE059AAA71}.Release|Any CPU.ActiveCfg = Release|Any CPU
		{64F06A7D-C631-4E75-A612-A7BE059AAA71}.Release|Any CPU.Build.0 = Release|Any CPU
		{9BA5FC2F-DA3A-46C0-83B8-7F9AAEC232C1}.Debug|Any CPU.ActiveCfg = Debug|Any CPU
		{9BA5FC2F-DA3A-46C0-83B8-7F9AAEC232C1}.Debug|Any CPU.Build.0 = Debug|Any CPU
		{9BA5FC2F-DA3A-46C0-83B8-7F9AAEC232C1}.Release|Any CPU.ActiveCfg = Release|Any CPU
		{9BA5FC2F-DA3A-46C0-83B8-7F9AAEC232C1}.Release|Any CPU.Build.0 = Release|Any CPU
		{812681A9-6BDE-485A-8494-BFF83039D780}.Debug|Any CPU.ActiveCfg = Debug|Any CPU
		{812681A9-6BDE-485A-8494-BFF83039D780}.Debug|Any CPU.Build.0 = Debug|Any CPU
		{812681A9-6BDE-485A-8494-BFF83039D780}.Release|Any CPU.ActiveCfg = Release|Any CPU
		{812681A9-6BDE-485A-8494-BFF83039D780}.Release|Any CPU.Build.0 = Release|Any CPU
		{2CDE1306-7994-4C3A-8DE0-2A88E20E4B3A}.Debug|Any CPU.ActiveCfg = Debug|Any CPU
		{2CDE1306-7994-4C3A-8DE0-2A88E20E4B3A}.Debug|Any CPU.Build.0 = Debug|Any CPU
		{2CDE1306-7994-4C3A-8DE0-2A88E20E4B3A}.Release|Any CPU.ActiveCfg = Release|Any CPU
		{2CDE1306-7994-4C3A-8DE0-2A88E20E4B3A}.Release|Any CPU.Build.0 = Release|Any CPU
		{663537A6-F101-4F5B-A2EF-3482C2F102D9}.Debug|Any CPU.ActiveCfg = Debug|Any CPU
		{663537A6-F101-4F5B-A2EF-3482C2F102D9}.Debug|Any CPU.Build.0 = Debug|Any CPU
		{663537A6-F101-4F5B-A2EF-3482C2F102D9}.Release|Any CPU.ActiveCfg = Release|Any CPU
		{663537A6-F101-4F5B-A2EF-3482C2F102D9}.Release|Any CPU.Build.0 = Release|Any CPU
		{8BA623CB-B50A-431E-9004-B391E45BB51B}.Debug|Any CPU.ActiveCfg = Debug|Any CPU
		{8BA623CB-B50A-431E-9004-B391E45BB51B}.Debug|Any CPU.Build.0 = Debug|Any CPU
		{8BA623CB-B50A-431E-9004-B391E45BB51B}.Release|Any CPU.ActiveCfg = Release|Any CPU
		{8BA623CB-B50A-431E-9004-B391E45BB51B}.Release|Any CPU.Build.0 = Release|Any CPU
		{B0E2DC32-A23D-435E-A96E-36CC448F129E}.Debug|Any CPU.ActiveCfg = Debug|Any CPU
		{B0E2DC32-A23D-435E-A96E-36CC448F129E}.Debug|Any CPU.Build.0 = Debug|Any CPU
		{B0E2DC32-A23D-435E-A96E-36CC448F129E}.Release|Any CPU.ActiveCfg = Release|Any CPU
		{B0E2DC32-A23D-435E-A96E-36CC448F129E}.Release|Any CPU.Build.0 = Release|Any CPU
		{99065BB9-F34C-4741-BB16-375D5B097E7F}.Debug|Any CPU.ActiveCfg = Debug|Any CPU
		{99065BB9-F34C-4741-BB16-375D5B097E7F}.Debug|Any CPU.Build.0 = Debug|Any CPU
		{99065BB9-F34C-4741-BB16-375D5B097E7F}.Release|Any CPU.ActiveCfg = Release|Any CPU
		{99065BB9-F34C-4741-BB16-375D5B097E7F}.Release|Any CPU.Build.0 = Release|Any CPU
		{1BCAB308-B2D5-49AC-84A2-BBCC2E045F78}.Debug|Any CPU.ActiveCfg = Debug|Any CPU
		{1BCAB308-B2D5-49AC-84A2-BBCC2E045F78}.Debug|Any CPU.Build.0 = Debug|Any CPU
		{1BCAB308-B2D5-49AC-84A2-BBCC2E045F78}.Release|Any CPU.ActiveCfg = Release|Any CPU
		{1BCAB308-B2D5-49AC-84A2-BBCC2E045F78}.Release|Any CPU.Build.0 = Release|Any CPU
		{3551D570-3029-4FE0-B865-96812D46E056}.Debug|Any CPU.ActiveCfg = Debug|Any CPU
		{3551D570-3029-4FE0-B865-96812D46E056}.Debug|Any CPU.Build.0 = Debug|Any CPU
		{3551D570-3029-4FE0-B865-96812D46E056}.Release|Any CPU.ActiveCfg = Release|Any CPU
		{3551D570-3029-4FE0-B865-96812D46E056}.Release|Any CPU.Build.0 = Release|Any CPU
		{2303A701-006B-451A-9B0D-92054CB02038}.Debug|Any CPU.ActiveCfg = Debug|Any CPU
		{2303A701-006B-451A-9B0D-92054CB02038}.Debug|Any CPU.Build.0 = Debug|Any CPU
		{2303A701-006B-451A-9B0D-92054CB02038}.Release|Any CPU.ActiveCfg = Release|Any CPU
		{2303A701-006B-451A-9B0D-92054CB02038}.Release|Any CPU.Build.0 = Release|Any CPU
		{A5745099-D962-4EA6-9C1B-3D5957BFBB72}.Debug|Any CPU.ActiveCfg = Debug|Any CPU
		{A5745099-D962-4EA6-9C1B-3D5957BFBB72}.Debug|Any CPU.Build.0 = Debug|Any CPU
		{A5745099-D962-4EA6-9C1B-3D5957BFBB72}.Release|Any CPU.ActiveCfg = Release|Any CPU
		{A5745099-D962-4EA6-9C1B-3D5957BFBB72}.Release|Any CPU.Build.0 = Release|Any CPU
		{EBCAA39F-7E42-4B9F-81F9-36A22A747056}.Debug|Any CPU.ActiveCfg = Debug|Any CPU
		{EBCAA39F-7E42-4B9F-81F9-36A22A747056}.Debug|Any CPU.Build.0 = Debug|Any CPU
		{EBCAA39F-7E42-4B9F-81F9-36A22A747056}.Release|Any CPU.ActiveCfg = Release|Any CPU
		{EBCAA39F-7E42-4B9F-81F9-36A22A747056}.Release|Any CPU.Build.0 = Release|Any CPU
		{5A27A97C-D261-4AE4-9BFE-40F13B3BE66F}.Debug|Any CPU.ActiveCfg = Debug|Any CPU
		{5A27A97C-D261-4AE4-9BFE-40F13B3BE66F}.Debug|Any CPU.Build.0 = Debug|Any CPU
		{5A27A97C-D261-4AE4-9BFE-40F13B3BE66F}.Release|Any CPU.ActiveCfg = Release|Any CPU
		{5A27A97C-D261-4AE4-9BFE-40F13B3BE66F}.Release|Any CPU.Build.0 = Release|Any CPU
		{E66C46E3-8102-4C85-B819-3B36397D057C}.Debug|Any CPU.ActiveCfg = Debug|Any CPU
		{E66C46E3-8102-4C85-B819-3B36397D057C}.Debug|Any CPU.Build.0 = Debug|Any CPU
		{E66C46E3-8102-4C85-B819-3B36397D057C}.Release|Any CPU.ActiveCfg = Release|Any CPU
		{E66C46E3-8102-4C85-B819-3B36397D057C}.Release|Any CPU.Build.0 = Release|Any CPU
		{3DD986A5-3884-4714-ABAF-147396D502C1}.Debug|Any CPU.ActiveCfg = Debug|Any CPU
		{3DD986A5-3884-4714-ABAF-147396D502C1}.Debug|Any CPU.Build.0 = Debug|Any CPU
		{3DD986A5-3884-4714-ABAF-147396D502C1}.Release|Any CPU.ActiveCfg = Release|Any CPU
		{3DD986A5-3884-4714-ABAF-147396D502C1}.Release|Any CPU.Build.0 = Release|Any CPU
	EndGlobalSection
	GlobalSection(SolutionProperties) = preSolution
		HideSolutionNode = FALSE
	EndGlobalSection
	GlobalSection(NestedProjects) = preSolution
		{FB9E0301-5670-49B2-998B-C00D1242EB8E} = {922DF37B-3540-4442-A61F-AD13EFC9477D}
		{2D9A8207-F2A7-4E36-BBE3-D417931E0608} = {922DF37B-3540-4442-A61F-AD13EFC9477D}
		{C4C6AD43-BDD2-4CB9-9B4E-7CD8707A6BE8} = {922DF37B-3540-4442-A61F-AD13EFC9477D}
		{64F06A7D-C631-4E75-A612-A7BE059AAA71} = {922DF37B-3540-4442-A61F-AD13EFC9477D}
		{9BA5FC2F-DA3A-46C0-83B8-7F9AAEC232C1} = {922DF37B-3540-4442-A61F-AD13EFC9477D}
		{812681A9-6BDE-485A-8494-BFF83039D780} = {4C2F5238-6B67-45B0-BE13-BD31933CF256}
		{2CDE1306-7994-4C3A-8DE0-2A88E20E4B3A} = {4C2F5238-6B67-45B0-BE13-BD31933CF256}
		{663537A6-F101-4F5B-A2EF-3482C2F102D9} = {4C2F5238-6B67-45B0-BE13-BD31933CF256}
		{8BA623CB-B50A-431E-9004-B391E45BB51B} = {4C2F5238-6B67-45B0-BE13-BD31933CF256}
		{B0E2DC32-A23D-435E-A96E-36CC448F129E} = {4C2F5238-6B67-45B0-BE13-BD31933CF256}
		{99065BB9-F34C-4741-BB16-375D5B097E7F} = {3456B87B-EF9E-4D54-90FA-05F0C5CD8FC9}
		{1BCAB308-B2D5-49AC-84A2-BBCC2E045F78} = {3456B87B-EF9E-4D54-90FA-05F0C5CD8FC9}
		{3551D570-3029-4FE0-B865-96812D46E056} = {3456B87B-EF9E-4D54-90FA-05F0C5CD8FC9}
		{2303A701-006B-451A-9B0D-92054CB02038} = {3456B87B-EF9E-4D54-90FA-05F0C5CD8FC9}
		{A5745099-D962-4EA6-9C1B-3D5957BFBB72} = {757D4BAD-DFB2-49D8-BE6C-10E606C8A9C0}
		{EBCAA39F-7E42-4B9F-81F9-36A22A747056} = {757D4BAD-DFB2-49D8-BE6C-10E606C8A9C0}
		{5A27A97C-D261-4AE4-9BFE-40F13B3BE66F} = {757D4BAD-DFB2-49D8-BE6C-10E606C8A9C0}
		{E66C46E3-8102-4C85-B819-3B36397D057C} = {757D4BAD-DFB2-49D8-BE6C-10E606C8A9C0}
		{3DD986A5-3884-4714-ABAF-147396D502C1} = {1DD971F6-9120-4686-B96D-B2C9CC7CC7A1}
	EndGlobalSection
	GlobalSection(ExtensibilityGlobals) = postSolution
		SolutionGuid = {75D0B1CD-82AC-413F-A05D-1CD4695EA972}
	EndGlobalSection
EndGlobal
